Microsoft Visual Studio Solution File, Format Version 11.00
# Visual Studio 2008

Project("{E53A1E7F-87F4-FE95-8815-A365358C0C5B}") = "AllAmericanTrampolineShowdown", "Assembly-CSharp-firstpass-vs.csproj", "{ACA907C1-8A35-E25D-FA7A-8E542E1A5D83}"
EndProject
Project("{E53A1E7F-87F4-FE95-8815-A365358C0C5B}") = "AllAmericanTrampolineShowdown", "Assembly-CSharp-vs.csproj", "{C19EE810-AF9D-227E-6E1C-BFB2091EF258}"
EndProject
Global
	GlobalSection(SolutionConfigurationPlatforms) = preSolution
		Debug|Any CPU = Debug|Any CPU
		Release|Any CPU = Release|Any CPU
	EndGlobalSection
	GlobalSection(ProjectConfigurationPlatforms) = postSolution
		{ACA907C1-8A35-E25D-FA7A-8E542E1A5D83}.Debug|Any CPU.ActiveCfg = Debug|Any CPU
		{ACA907C1-8A35-E25D-FA7A-8E542E1A5D83}.Debug|Any CPU.Build.0 = Debug|Any CPU
		{ACA907C1-8A35-E25D-FA7A-8E542E1A5D83}.Release|Any CPU.ActiveCfg = Release|Any CPU
		{ACA907C1-8A35-E25D-FA7A-8E542E1A5D83}.Release|Any CPU.Build.0 = Release|Any CPU
		{C19EE810-AF9D-227E-6E1C-BFB2091EF258}.Debug|Any CPU.ActiveCfg = Debug|Any CPU
		{C19EE810-AF9D-227E-6E1C-BFB2091EF258}.Debug|Any CPU.Build.0 = Debug|Any CPU
		{C19EE810-AF9D-227E-6E1C-BFB2091EF258}.Release|Any CPU.ActiveCfg = Release|Any CPU
		{C19EE810-AF9D-227E-6E1C-BFB2091EF258}.Release|Any CPU.Build.0 = Release|Any CPU
	EndGlobalSection
	GlobalSection(SolutionProperties) = preSolution
		HideSolutionNode = FALSE
	EndGlobalSection
											GlobalSection(MonoDevelopProperties) = preSolution
		StartupItem = Assembly-CSharp.csproj
		Policies = $0
		$0.TextStylePolicy = $1
		$1.inheritsSet = null
		$1.scope = text/x-csharp
		$0.CSharpFormattingPolicy = $2
		$2.inheritsSet = Mono
		$2.inheritsScope = text/x-csharp
		$2.scope = text/x-csharp
		$0.TextStylePolicy = $3
		$3.FileWidth = 120
		$3.TabWidth = 4
		$3.EolMarker = Unix
		$3.inheritsSet = Mono
		$3.inheritsScope = text/plain
		$3.scope = text/plain
	EndGlobalSection

EndGlobal
